
Microsoft Visual Studio Solution File, Format Version 12.00
# Visual Studio Version 16
VisualStudioVersion = 16.0.30804.86
MinimumVisualStudioVersion = 10.0.40219.1
Project("{FAE04EC0-301F-11D3-BF4B-00C04F79EFBC}") = "Factory", "Factory.csproj", "{38FB84D0-388F-40FC-A1B3-2C32B72EE1B8}"
EndProject
Global
	GlobalSection(SolutionConfigurationPlatforms) = preSolution
		Debug|Any CPU = Debug|Any CPU
		Release|Any CPU = Release|Any CPU
	EndGlobalSection
	GlobalSection(ProjectConfigurationPlatforms) = postSolution
		{38FB84D0-388F-40FC-A1B3-2C32B72EE1B8}.Debug|Any CPU.ActiveCfg = Debug|Any CPU
		{38FB84D0-388F-40FC-A1B3-2C32B72EE1B8}.Debug|Any CPU.Build.0 = Debug|Any CPU
		{38FB84D0-388F-40FC-A1B3-2C32B72EE1B8}.Release|Any CPU.ActiveCfg = Release|Any CPU
		{38FB84D0-388F-40FC-A1B3-2C32B72EE1B8}.Release|Any CPU.Build.0 = Release|Any CPU
	EndGlobalSection
	GlobalSection(SolutionProperties) = preSolution
		HideSolutionNode = FALSE
	EndGlobalSection
	GlobalSection(ExtensibilityGlobals) = postSolution
		SolutionGuid = {C40C35D2-6870-46DC-977A-D68D1A03A5F6}
	EndGlobalSection
EndGlobal
